
Microsoft Visual Studio Solution File, Format Version 12.00
# Visual Studio 15
VisualStudioVersion = 15.0.28307.421
MinimumVisualStudioVersion = 10.0.40219.1
Project("{FAE04EC0-301F-11D3-BF4B-00C04F79EFBC}") = "MicroSync.Android", "MicroSync\MicroSync.Android\MicroSync.Android.csproj", "{B72D1AF6-4ADA-4BE6-AB52-6BCE6175E0DA}"
EndProject
Project("{FAE04EC0-301F-11D3-BF4B-00C04F79EFBC}") = "MicroSync.iOS", "MicroSync\MicroSync.iOS\MicroSync.iOS.csproj", "{232583B9-0EDE-4E6D-86A8-836530F1CC3C}"
EndProject
Project("{FAE04EC0-301F-11D3-BF4B-00C04F79EFBC}") = "MicroSync.UWP", "MicroSync\MicroSync.UWP\MicroSync.UWP.csproj", "{C00941B7-C51E-42C4-9AA1-0E199FE15D18}"
EndProject
Project("{FAE04EC0-301F-11D3-BF4B-00C04F79EFBC}") = "MicroSync", "MicroSync\MicroSync\MicroSync.csproj", "{B0792AA5-8C5A-4D4D-8728-7947BBBC398D}"
EndProject
Global
	GlobalSection(SolutionConfigurationPlatforms) = preSolution
		Ad-Hoc|Any CPU = Ad-Hoc|Any CPU
		Ad-Hoc|ARM = Ad-Hoc|ARM
		Ad-Hoc|iPhone = Ad-Hoc|iPhone
		Ad-Hoc|iPhoneSimulator = Ad-Hoc|iPhoneSimulator
		Ad-Hoc|x64 = Ad-Hoc|x64
		Ad-Hoc|x86 = Ad-Hoc|x86
		AppStore|Any CPU = AppStore|Any CPU
		AppStore|ARM = AppStore|ARM
		AppStore|iPhone = AppStore|iPhone
		AppStore|iPhoneSimulator = AppStore|iPhoneSimulator
		AppStore|x64 = AppStore|x64
		AppStore|x86 = AppStore|x86
		Debug|Any CPU = Debug|Any CPU
		Debug|ARM = Debug|ARM
		Debug|iPhone = Debug|iPhone
		Debug|iPhoneSimulator = Debug|iPhoneSimulator
		Debug|x64 = Debug|x64
		Debug|x86 = Debug|x86
		Release|Any CPU = Release|Any CPU
		Release|ARM = Release|ARM
		Release|iPhone = Release|iPhone
		Release|iPhoneSimulator = Release|iPhoneSimulator
		Release|x64 = Release|x64
		Release|x86 = Release|x86
	EndGlobalSection
	GlobalSection(ProjectConfigurationPlatforms) = postSolution
		{B72D1AF6-4ADA-4BE6-AB52-6BCE6175E0DA}.Ad-Hoc|Any CPU.ActiveCfg = Release|Any CPU
		{B72D1AF6-4ADA-4BE6-AB52-6BCE6175E0DA}.Ad-Hoc|Any CPU.Build.0 = Release|Any CPU
		{B72D1AF6-4ADA-4BE6-AB52-6BCE6175E0DA}.Ad-Hoc|Any CPU.Deploy.0 = Release|Any CPU
		{B72D1AF6-4ADA-4BE6-AB52-6BCE6175E0DA}.Ad-Hoc|ARM.ActiveCfg = Release|Any CPU
		{B72D1AF6-4ADA-4BE6-AB52-6BCE6175E0DA}.Ad-Hoc|ARM.Build.0 = Release|Any CPU
		{B72D1AF6-4ADA-4BE6-AB52-6BCE6175E0DA}.Ad-Hoc|ARM.Deploy.0 = Release|Any CPU
		{B72D1AF6-4ADA-4BE6-AB52-6BCE6175E0DA}.Ad-Hoc|iPhone.ActiveCfg = Release|Any CPU
		{B72D1AF6-4ADA-4BE6-AB52-6BCE6175E0DA}.Ad-Hoc|iPhone.Build.0 = Release|Any CPU
		{B72D1AF6-4ADA-4BE6-AB52-6BCE6175E0DA}.Ad-Hoc|iPhone.Deploy.0 = Release|Any CPU
		{B72D1AF6-4ADA-4BE6-AB52-6BCE6175E0DA}.Ad-Hoc|iPhoneSimulator.ActiveCfg = Release|Any CPU
		{B72D1AF6-4ADA-4BE6-AB52-6BCE6175E0DA}.Ad-Hoc|iPhoneSimulator.Build.0 = Release|Any CPU
		{B72D1AF6-4ADA-4BE6-AB52-6BCE6175E0DA}.Ad-Hoc|iPhoneSimulator.Deploy.0 = Release|Any CPU
		{B72D1AF6-4ADA-4BE6-AB52-6BCE6175E0DA}.Ad-Hoc|x64.ActiveCfg = Release|Any CPU
		{B72D1AF6-4ADA-4BE6-AB52-6BCE6175E0DA}.Ad-Hoc|x64.Build.0 = Release|Any CPU
		{B72D1AF6-4ADA-4BE6-AB52-6BCE6175E0DA}.Ad-Hoc|x64.Deploy.0 = Release|Any CPU
		{B72D1AF6-4ADA-4BE6-AB52-6BCE6175E0DA}.Ad-Hoc|x86.ActiveCfg = Release|Any CPU
		{B72D1AF6-4ADA-4BE6-AB52-6BCE6175E0DA}.Ad-Hoc|x86.Build.0 = Release|Any CPU
		{B72D1AF6-4ADA-4BE6-AB52-6BCE6175E0DA}.Ad-Hoc|x86.Deploy.0 = Release|Any CPU
		{B72D1AF6-4ADA-4BE6-AB52-6BCE6175E0DA}.AppStore|Any CPU.ActiveCfg = Release|Any CPU
		{B72D1AF6-4ADA-4BE6-AB52-6BCE6175E0DA}.AppStore|Any CPU.Build.0 = Release|Any CPU
		{B72D1AF6-4ADA-4BE6-AB52-6BCE6175E0DA}.AppStore|Any CPU.Deploy.0 = Release|Any CPU
		{B72D1AF6-4ADA-4BE6-AB52-6BCE6175E0DA}.AppStore|ARM.ActiveCfg = Release|Any CPU
		{B72D1AF6-4ADA-4BE6-AB52-6BCE6175E0DA}.AppStore|ARM.Build.0 = Release|Any CPU
		{B72D1AF6-4ADA-4BE6-AB52-6BCE6175E0DA}.AppStore|ARM.Deploy.0 = Release|Any CPU
		{B72D1AF6-4ADA-4BE6-AB52-6BCE6175E0DA}.AppStore|iPhone.ActiveCfg = Release|Any CPU
		{B72D1AF6-4ADA-4BE6-AB52-6BCE6175E0DA}.AppStore|iPhone.Build.0 = Release|Any CPU
		{B72D1AF6-4ADA-4BE6-AB52-6BCE6175E0DA}.AppStore|iPhone.Deploy.0 = Release|Any CPU
		{B72D1AF6-4ADA-4BE6-AB52-6BCE6175E0DA}.AppStore|iPhoneSimulator.ActiveCfg = Release|Any CPU
		{B72D1AF6-4ADA-4BE6-AB52-6BCE6175E0DA}.AppStore|iPhoneSimulator.Build.0 = Release|Any CPU
		{B72D1AF6-4ADA-4BE6-AB52-6BCE6175E0DA}.AppStore|iPhoneSimulator.Deploy.0 = Release|Any CPU
		{B72D1AF6-4ADA-4BE6-AB52-6BCE6175E0DA}.AppStore|x64.ActiveCfg = Release|Any CPU
		{B72D1AF6-4ADA-4BE6-AB52-6BCE6175E0DA}.AppStore|x64.Build.0 = Release|Any CPU
		{B72D1AF6-4ADA-4BE6-AB52-6BCE6175E0DA}.AppStore|x64.Deploy.0 = Release|Any CPU
		{B72D1AF6-4ADA-4BE6-AB52-6BCE6175E0DA}.AppStore|x86.ActiveCfg = Release|Any CPU
		{B72D1AF6-4ADA-4BE6-AB52-6BCE6175E0DA}.AppStore|x86.Build.0 = Release|Any CPU
		{B72D1AF6-4ADA-4BE6-AB52-6BCE6175E0DA}.AppStore|x86.Deploy.0 = Release|Any CPU
		{B72D1AF6-4ADA-4BE6-AB52-6BCE6175E0DA}.Debug|Any CPU.ActiveCfg = Debug|Any CPU
		{B72D1AF6-4ADA-4BE6-AB52-6BCE6175E0DA}.Debug|Any CPU.Build.0 = Debug|Any CPU
		{B72D1AF6-4ADA-4BE6-AB52-6BCE6175E0DA}.Debug|Any CPU.Deploy.0 = Debug|Any CPU
		{B72D1AF6-4ADA-4BE6-AB52-6BCE6175E0DA}.Debug|ARM.ActiveCfg = Debug|Any CPU
		{B72D1AF6-4ADA-4BE6-AB52-6BCE6175E0DA}.Debug|ARM.Build.0 = Debug|Any CPU
		{B72D1AF6-4ADA-4BE6-AB52-6BCE6175E0DA}.Debug|ARM.Deploy.0 = Debug|Any CPU
		{B72D1AF6-4ADA-4BE6-AB52-6BCE6175E0DA}.Debug|iPhone.ActiveCfg = Debug|Any CPU
		{B72D1AF6-4ADA-4BE6-AB52-6BCE6175E0DA}.Debug|iPhone.Build.0 = Debug|Any CPU
		{B72D1AF6-4ADA-4BE6-AB52-6BCE6175E0DA}.Debug|iPhone.Deploy.0 = Debug|Any CPU
		{B72D1AF6-4ADA-4BE6-AB52-6BCE6175E0DA}.Debug|iPhoneSimulator.ActiveCfg = Debug|Any CPU
		{B72D1AF6-4ADA-4BE6-AB52-6BCE6175E0DA}.Debug|iPhoneSimulator.Build.0 = Debug|Any CPU
		{B72D1AF6-4ADA-4BE6-AB52-6BCE6175E0DA}.Debug|iPhoneSimulator.Deploy.0 = Debug|Any CPU
		{B72D1AF6-4ADA-4BE6-AB52-6BCE6175E0DA}.Debug|x64.ActiveCfg = Debug|Any CPU
		{B72D1AF6-4ADA-4BE6-AB52-6BCE6175E0DA}.Debug|x64.Build.0 = Debug|Any CPU
		{B72D1AF6-4ADA-4BE6-AB52-6BCE6175E0DA}.Debug|x64.Deploy.0 = Debug|Any CPU
		{B72D1AF6-4ADA-4BE6-AB52-6BCE6175E0DA}.Debug|x86.ActiveCfg = Debug|Any CPU
		{B72D1AF6-4ADA-4BE6-AB52-6BCE6175E0DA}.Debug|x86.Build.0 = Debug|Any CPU
		{B72D1AF6-4ADA-4BE6-AB52-6BCE6175E0DA}.Debug|x86.Deploy.0 = Debug|Any CPU
		{B72D1AF6-4ADA-4BE6-AB52-6BCE6175E0DA}.Release|Any CPU.ActiveCfg = Release|Any CPU
		{B72D1AF6-4ADA-4BE6-AB52-6BCE6175E0DA}.Release|Any CPU.Build.0 = Release|Any CPU
		{B72D1AF6-4ADA-4BE6-AB52-6BCE6175E0DA}.Release|Any CPU.Deploy.0 = Release|Any CPU
		{B72D1AF6-4ADA-4BE6-AB52-6BCE6175E0DA}.Release|ARM.ActiveCfg = Release|Any CPU
		{B72D1AF6-4ADA-4BE6-AB52-6BCE6175E0DA}.Release|ARM.Build.0 = Release|Any CPU
		{B72D1AF6-4ADA-4BE6-AB52-6BCE6175E0DA}.Release|ARM.Deploy.0 = Release|Any CPU
		{B72D1AF6-4ADA-4BE6-AB52-6BCE6175E0DA}.Release|iPhone.ActiveCfg = Release|Any CPU
		{B72D1AF6-4ADA-4BE6-AB52-6BCE6175E0DA}.Release|iPhone.Build.0 = Release|Any CPU
		{B72D1AF6-4ADA-4BE6-AB52-6BCE6175E0DA}.Release|iPhone.Deploy.0 = Release|Any CPU
		{B72D1AF6-4ADA-4BE6-AB52-6BCE6175E0DA}.Release|iPhoneSimulator.ActiveCfg = Release|Any CPU
		{B72D1AF6-4ADA-4BE6-AB52-6BCE6175E0DA}.Release|iPhoneSimulator.Build.0 = Release|Any CPU
		{B72D1AF6-4ADA-4BE6-AB52-6BCE6175E0DA}.Release|iPhoneSimulator.Deploy.0 = Release|Any CPU
		{B72D1AF6-4ADA-4BE6-AB52-6BCE6175E0DA}.Release|x64.ActiveCfg = Release|Any CPU
		{B72D1AF6-4ADA-4BE6-AB52-6BCE6175E0DA}.Release|x64.Build.0 = Release|Any CPU
		{B72D1AF6-4ADA-4BE6-AB52-6BCE6175E0DA}.Release|x64.Deploy.0 = Release|Any CPU
		{B72D1AF6-4ADA-4BE6-AB52-6BCE6175E0DA}.Release|x86.ActiveCfg = Release|Any CPU
		{B72D1AF6-4ADA-4BE6-AB52-6BCE6175E0DA}.Release|x86.Build.0 = Release|Any CPU
		{B72D1AF6-4ADA-4BE6-AB52-6BCE6175E0DA}.Release|x86.Deploy.0 = Release|Any CPU
		{232583B9-0EDE-4E6D-86A8-836530F1CC3C}.Ad-Hoc|Any CPU.ActiveCfg = Ad-Hoc|iPhone
		{232583B9-0EDE-4E6D-86A8-836530F1CC3C}.Ad-Hoc|Any CPU.Build.0 = Ad-Hoc|iPhone
		{232583B9-0EDE-4E6D-86A8-836530F1CC3C}.Ad-Hoc|Any CPU.Deploy.0 = Ad-Hoc|iPhone
		{232583B9-0EDE-4E6D-86A8-836530F1CC3C}.Ad-Hoc|ARM.ActiveCfg = Ad-Hoc|iPhone
		{232583B9-0EDE-4E6D-86A8-836530F1CC3C}.Ad-Hoc|ARM.Build.0 = Ad-Hoc|iPhone
		{232583B9-0EDE-4E6D-86A8-836530F1CC3C}.Ad-Hoc|ARM.Deploy.0 = Ad-Hoc|iPhone
		{232583B9-0EDE-4E6D-86A8-836530F1CC3C}.Ad-Hoc|iPhone.ActiveCfg = Ad-Hoc|iPhone
		{232583B9-0EDE-4E6D-86A8-836530F1CC3C}.Ad-Hoc|iPhone.Build.0 = Ad-Hoc|iPhone
		{232583B9-0EDE-4E6D-86A8-836530F1CC3C}.Ad-Hoc|iPhone.Deploy.0 = Ad-Hoc|iPhone
		{232583B9-0EDE-4E6D-86A8-836530F1CC3C}.Ad-Hoc|iPhoneSimulator.ActiveCfg = Ad-Hoc|iPhoneSimulator
		{232583B9-0EDE-4E6D-86A8-836530F1CC3C}.Ad-Hoc|iPhoneSimulator.Build.0 = Ad-Hoc|iPhoneSimulator
		{232583B9-0EDE-4E6D-86A8-836530F1CC3C}.Ad-Hoc|iPhoneSimulator.Deploy.0 = Ad-Hoc|iPhoneSimulator
		{232583B9-0EDE-4E6D-86A8-836530F1CC3C}.Ad-Hoc|x64.ActiveCfg = Ad-Hoc|iPhone
		{232583B9-0EDE-4E6D-86A8-836530F1CC3C}.Ad-Hoc|x64.Build.0 = Ad-Hoc|iPhone
		{232583B9-0EDE-4E6D-86A8-836530F1CC3C}.Ad-Hoc|x64.Deploy.0 = Ad-Hoc|iPhone
		{232583B9-0EDE-4E6D-86A8-836530F1CC3C}.Ad-Hoc|x86.ActiveCfg = Ad-Hoc|iPhone
		{232583B9-0EDE-4E6D-86A8-836530F1CC3C}.Ad-Hoc|x86.Build.0 = Ad-Hoc|iPhone
		{232583B9-0EDE-4E6D-86A8-836530F1CC3C}.Ad-Hoc|x86.Deploy.0 = Ad-Hoc|iPhone
		{232583B9-0EDE-4E6D-86A8-836530F1CC3C}.AppStore|Any CPU.ActiveCfg = AppStore|iPhone
		{232583B9-0EDE-4E6D-86A8-836530F1CC3C}.AppStore|Any CPU.Build.0 = AppStore|iPhone
		{232583B9-0EDE-4E6D-86A8-836530F1CC3C}.AppStore|Any CPU.Deploy.0 = AppStore|iPhone
		{232583B9-0EDE-4E6D-86A8-836530F1CC3C}.AppStore|ARM.ActiveCfg = AppStore|iPhone
		{232583B9-0EDE-4E6D-86A8-836530F1CC3C}.AppStore|ARM.Build.0 = AppStore|iPhone
		{232583B9-0EDE-4E6D-86A8-836530F1CC3C}.AppStore|ARM.Deploy.0 = AppStore|iPhone
		{232583B9-0EDE-4E6D-86A8-836530F1CC3C}.AppStore|iPhone.ActiveCfg = AppStore|iPhone
		{232583B9-0EDE-4E6D-86A8-836530F1CC3C}.AppStore|iPhone.Build.0 = AppStore|iPhone
		{232583B9-0EDE-4E6D-86A8-836530F1CC3C}.AppStore|iPhone.Deploy.0 = AppStore|iPhone
		{232583B9-0EDE-4E6D-86A8-836530F1CC3C}.AppStore|iPhoneSimulator.ActiveCfg = AppStore|iPhoneSimulator
		{232583B9-0EDE-4E6D-86A8-836530F1CC3C}.AppStore|iPhoneSimulator.Build.0 = AppStore|iPhoneSimulator
		{232583B9-0EDE-4E6D-86A8-836530F1CC3C}.AppStore|iPhoneSimulator.Deploy.0 = AppStore|iPhoneSimulator
		{232583B9-0EDE-4E6D-86A8-836530F1CC3C}.AppStore|x64.ActiveCfg = AppStore|iPhone
		{232583B9-0EDE-4E6D-86A8-836530F1CC3C}.AppStore|x64.Build.0 = AppStore|iPhone
		{232583B9-0EDE-4E6D-86A8-836530F1CC3C}.AppStore|x64.Deploy.0 = AppStore|iPhone
		{232583B9-0EDE-4E6D-86A8-836530F1CC3C}.AppStore|x86.ActiveCfg = AppStore|iPhone
		{232583B9-0EDE-4E6D-86A8-836530F1CC3C}.AppStore|x86.Build.0 = AppStore|iPhone
		{232583B9-0EDE-4E6D-86A8-836530F1CC3C}.AppStore|x86.Deploy.0 = AppStore|iPhone
		{232583B9-0EDE-4E6D-86A8-836530F1CC3C}.Debug|Any CPU.ActiveCfg = Debug|iPhoneSimulator
		{232583B9-0EDE-4E6D-86A8-836530F1CC3C}.Debug|Any CPU.Build.0 = Debug|iPhoneSimulator
		{232583B9-0EDE-4E6D-86A8-836530F1CC3C}.Debug|Any CPU.Deploy.0 = Debug|iPhoneSimulator
		{232583B9-0EDE-4E6D-86A8-836530F1CC3C}.Debug|ARM.ActiveCfg = Debug|iPhone
		{232583B9-0EDE-4E6D-86A8-836530F1CC3C}.Debug|ARM.Build.0 = Debug|iPhone
		{232583B9-0EDE-4E6D-86A8-836530F1CC3C}.Debug|ARM.Deploy.0 = Debug|iPhone
		{232583B9-0EDE-4E6D-86A8-836530F1CC3C}.Debug|iPhone.ActiveCfg = Debug|iPhone
		{232583B9-0EDE-4E6D-86A8-836530F1CC3C}.Debug|iPhone.Build.0 = Debug|iPhone
		{232583B9-0EDE-4E6D-86A8-836530F1CC3C}.Debug|iPhone.Deploy.0 = Debug|iPhone
		{232583B9-0EDE-4E6D-86A8-836530F1CC3C}.Debug|iPhoneSimulator.ActiveCfg = Debug|iPhoneSimulator
		{232583B9-0EDE-4E6D-86A8-836530F1CC3C}.Debug|iPhoneSimulator.Build.0 = Debug|iPhoneSimulator
		{232583B9-0EDE-4E6D-86A8-836530F1CC3C}.Debug|iPhoneSimulator.Deploy.0 = Debug|iPhoneSimulator
		{232583B9-0EDE-4E6D-86A8-836530F1CC3C}.Debug|x64.ActiveCfg = Debug|iPhone
		{232583B9-0EDE-4E6D-86A8-836530F1CC3C}.Debug|x64.Build.0 = Debug|iPhone
		{232583B9-0EDE-4E6D-86A8-836530F1CC3C}.Debug|x64.Deploy.0 = Debug|iPhone
		{232583B9-0EDE-4E6D-86A8-836530F1CC3C}.Debug|x86.ActiveCfg = Debug|iPhone
		{232583B9-0EDE-4E6D-86A8-836530F1CC3C}.Debug|x86.Build.0 = Debug|iPhone
		{232583B9-0EDE-4E6D-86A8-836530F1CC3C}.Debug|x86.Deploy.0 = Debug|iPhone
		{232583B9-0EDE-4E6D-86A8-836530F1CC3C}.Release|Any CPU.ActiveCfg = Release|iPhone
		{232583B9-0EDE-4E6D-86A8-836530F1CC3C}.Release|Any CPU.Build.0 = Release|iPhone
		{232583B9-0EDE-4E6D-86A8-836530F1CC3C}.Release|Any CPU.Deploy.0 = Release|iPhone
		{232583B9-0EDE-4E6D-86A8-836530F1CC3C}.Release|ARM.ActiveCfg = Release|iPhone
		{232583B9-0EDE-4E6D-86A8-836530F1CC3C}.Release|ARM.Build.0 = Release|iPhone
		{232583B9-0EDE-4E6D-86A8-836530F1CC3C}.Release|ARM.Deploy.0 = Release|iPhone
		{232583B9-0EDE-4E6D-86A8-836530F1CC3C}.Release|iPhone.ActiveCfg = Release|iPhone
		{232583B9-0EDE-4E6D-86A8-836530F1CC3C}.Release|iPhone.Build.0 = Release|iPhone
		{232583B9-0EDE-4E6D-86A8-836530F1CC3C}.Release|iPhone.Deploy.0 = Release|iPhone
		{232583B9-0EDE-4E6D-86A8-836530F1CC3C}.Release|iPhoneSimulator.ActiveCfg = Release|iPhoneSimulator
		{232583B9-0EDE-4E6D-86A8-836530F1CC3C}.Release|iPhoneSimulator.Build.0 = Release|iPhoneSimulator
		{232583B9-0EDE-4E6D-86A8-836530F1CC3C}.Release|iPhoneSimulator.Deploy.0 = Release|iPhoneSimulator
		{232583B9-0EDE-4E6D-86A8-836530F1CC3C}.Release|x64.ActiveCfg = Release|iPhone
		{232583B9-0EDE-4E6D-86A8-836530F1CC3C}.Release|x64.Build.0 = Release|iPhone
		{232583B9-0EDE-4E6D-86A8-836530F1CC3C}.Release|x64.Deploy.0 = Release|iPhone
		{232583B9-0EDE-4E6D-86A8-836530F1CC3C}.Release|x86.ActiveCfg = Release|iPhone
		{232583B9-0EDE-4E6D-86A8-836530F1CC3C}.Release|x86.Build.0 = Release|iPhone
		{232583B9-0EDE-4E6D-86A8-836530F1CC3C}.Release|x86.Deploy.0 = Release|iPhone
		{C00941B7-C51E-42C4-9AA1-0E199FE15D18}.Ad-Hoc|Any CPU.ActiveCfg = Release|x86
		{C00941B7-C51E-42C4-9AA1-0E199FE15D18}.Ad-Hoc|Any CPU.Build.0 = Release|x86
		{C00941B7-C51E-42C4-9AA1-0E199FE15D18}.Ad-Hoc|Any CPU.Deploy.0 = Release|x86
		{C00941B7-C51E-42C4-9AA1-0E199FE15D18}.Ad-Hoc|ARM.ActiveCfg = Release|ARM
		{C00941B7-C51E-42C4-9AA1-0E199FE15D18}.Ad-Hoc|ARM.Build.0 = Release|ARM
		{C00941B7-C51E-42C4-9AA1-0E199FE15D18}.Ad-Hoc|ARM.Deploy.0 = Release|ARM
		{C00941B7-C51E-42C4-9AA1-0E199FE15D18}.Ad-Hoc|iPhone.ActiveCfg = Release|x86
		{C00941B7-C51E-42C4-9AA1-0E199FE15D18}.Ad-Hoc|iPhone.Build.0 = Release|x86
		{C00941B7-C51E-42C4-9AA1-0E199FE15D18}.Ad-Hoc|iPhone.Deploy.0 = Release|x86
		{C00941B7-C51E-42C4-9AA1-0E199FE15D18}.Ad-Hoc|iPhoneSimulator.ActiveCfg = Release|x86
		{C00941B7-C51E-42C4-9AA1-0E199FE15D18}.Ad-Hoc|iPhoneSimulator.Build.0 = Release|x86
		{C00941B7-C51E-42C4-9AA1-0E199FE15D18}.Ad-Hoc|iPhoneSimulator.Deploy.0 = Release|x86
		{C00941B7-C51E-42C4-9AA1-0E199FE15D18}.Ad-Hoc|x64.ActiveCfg = Release|x64
		{C00941B7-C51E-42C4-9AA1-0E199FE15D18}.Ad-Hoc|x64.Build.0 = Release|x64
		{C00941B7-C51E-42C4-9AA1-0E199FE15D18}.Ad-Hoc|x64.Deploy.0 = Release|x64
		{C00941B7-C51E-42C4-9AA1-0E199FE15D18}.Ad-Hoc|x86.ActiveCfg = Release|x86
		{C00941B7-C51E-42C4-9AA1-0E199FE15D18}.Ad-Hoc|x86.Build.0 = Release|x86
		{C00941B7-C51E-42C4-9AA1-0E199FE15D18}.Ad-Hoc|x86.Deploy.0 = Release|x86
		{C00941B7-C51E-42C4-9AA1-0E199FE15D18}.AppStore|Any CPU.ActiveCfg = Release|x86
		{C00941B7-C51E-42C4-9AA1-0E199FE15D18}.AppStore|Any CPU.Build.0 = Release|x86
		{C00941B7-C51E-42C4-9AA1-0E199FE15D18}.AppStore|Any CPU.Deploy.0 = Release|x86
		{C00941B7-C51E-42C4-9AA1-0E199FE15D18}.AppStore|ARM.ActiveCfg = Release|ARM
		{C00941B7-C51E-42C4-9AA1-0E199FE15D18}.AppStore|ARM.Build.0 = Release|ARM
		{C00941B7-C51E-42C4-9AA1-0E199FE15D18}.AppStore|ARM.Deploy.0 = Release|ARM
		{C00941B7-C51E-42C4-9AA1-0E199FE15D18}.AppStore|iPhone.ActiveCfg = Release|x86
		{C00941B7-C51E-42C4-9AA1-0E199FE15D18}.AppStore|iPhone.Build.0 = Release|x86
		{C00941B7-C51E-42C4-9AA1-0E199FE15D18}.AppStore|iPhone.Deploy.0 = Release|x86
		{C00941B7-C51E-42C4-9AA1-0E199FE15D18}.AppStore|iPhoneSimulator.ActiveCfg = Release|x86
		{C00941B7-C51E-42C4-9AA1-0E199FE15D18}.AppStore|iPhoneSimulator.Build.0 = Release|x86
		{C00941B7-C51E-42C4-9AA1-0E199FE15D18}.AppStore|iPhoneSimulator.Deploy.0 = Release|x86
		{C00941B7-C51E-42C4-9AA1-0E199FE15D18}.AppStore|x64.ActiveCfg = Release|x64
		{C00941B7-C51E-42C4-9AA1-0E199FE15D18}.AppStore|x64.Build.0 = Release|x64
		{C00941B7-C51E-42C4-9AA1-0E199FE15D18}.AppStore|x64.Deploy.0 = Release|x64
		{C00941B7-C51E-42C4-9AA1-0E199FE15D18}.AppStore|x86.ActiveCfg = Release|x86
		{C00941B7-C51E-42C4-9AA1-0E199FE15D18}.AppStore|x86.Build.0 = Release|x86
		{C00941B7-C51E-42C4-9AA1-0E199FE15D18}.AppStore|x86.Deploy.0 = Release|x86
		{C00941B7-C51E-42C4-9AA1-0E199FE15D18}.Debug|Any CPU.ActiveCfg = Debug|x86
		{C00941B7-C51E-42C4-9AA1-0E199FE15D18}.Debug|Any CPU.Build.0 = Debug|x86
		{C00941B7-C51E-42C4-9AA1-0E199FE15D18}.Debug|Any CPU.Deploy.0 = Debug|x86
		{C00941B7-C51E-42C4-9AA1-0E199FE15D18}.Debug|ARM.ActiveCfg = Debug|ARM
		{C00941B7-C51E-42C4-9AA1-0E199FE15D18}.Debug|ARM.Build.0 = Debug|ARM
		{C00941B7-C51E-42C4-9AA1-0E199FE15D18}.Debug|ARM.Deploy.0 = Debug|ARM
		{C00941B7-C51E-42C4-9AA1-0E199FE15D18}.Debug|iPhone.ActiveCfg = Debug|x86
		{C00941B7-C51E-42C4-9AA1-0E199FE15D18}.Debug|iPhone.Build.0 = Debug|x86
		{C00941B7-C51E-42C4-9AA1-0E199FE15D18}.Debug|iPhone.Deploy.0 = Debug|x86
		{C00941B7-C51E-42C4-9AA1-0E199FE15D18}.Debug|iPhoneSimulator.ActiveCfg = Debug|x86
		{C00941B7-C51E-42C4-9AA1-0E199FE15D18}.Debug|iPhoneSimulator.Build.0 = Debug|x86
		{C00941B7-C51E-42C4-9AA1-0E199FE15D18}.Debug|iPhoneSimulator.Deploy.0 = Debug|x86
		{C00941B7-C51E-42C4-9AA1-0E199FE15D18}.Debug|x64.ActiveCfg = Debug|x64
		{C00941B7-C51E-42C4-9AA1-0E199FE15D18}.Debug|x64.Build.0 = Debug|x64
		{C00941B7-C51E-42C4-9AA1-0E199FE15D18}.Debug|x64.Deploy.0 = Debug|x64
		{C00941B7-C51E-42C4-9AA1-0E199FE15D18}.Debug|x86.ActiveCfg = Debug|x86
		{C00941B7-C51E-42C4-9AA1-0E199FE15D18}.Debug|x86.Build.0 = Debug|x86
		{C00941B7-C51E-42C4-9AA1-0E199FE15D18}.Debug|x86.Deploy.0 = Debug|x86
		{C00941B7-C51E-42C4-9AA1-0E199FE15D18}.Release|Any CPU.ActiveCfg = Release|x86
		{C00941B7-C51E-42C4-9AA1-0E199FE15D18}.Release|Any CPU.Build.0 = Release|x86
		{C00941B7-C51E-42C4-9AA1-0E199FE15D18}.Release|Any CPU.Deploy.0 = Release|x86
		{C00941B7-C51E-42C4-9AA1-0E199FE15D18}.Release|ARM.ActiveCfg = Release|ARM
		{C00941B7-C51E-42C4-9AA1-0E199FE15D18}.Release|ARM.Build.0 = Release|ARM
		{C00941B7-C51E-42C4-9AA1-0E199FE15D18}.Release|ARM.Deploy.0 = Release|ARM
		{C00941B7-C51E-42C4-9AA1-0E199FE15D18}.Release|iPhone.ActiveCfg = Release|x86
		{C00941B7-C51E-42C4-9AA1-0E199FE15D18}.Release|iPhone.Build.0 = Release|x86
		{C00941B7-C51E-42C4-9AA1-0E199FE15D18}.Release|iPhone.Deploy.0 = Release|x86
		{C00941B7-C51E-42C4-9AA1-0E199FE15D18}.Release|iPhoneSimulator.ActiveCfg = Release|x86
		{C00941B7-C51E-42C4-9AA1-0E199FE15D18}.Release|iPhoneSimulator.Build.0 = Release|x86
		{C00941B7-C51E-42C4-9AA1-0E199FE15D18}.Release|iPhoneSimulator.Deploy.0 = Release|x86
		{C00941B7-C51E-42C4-9AA1-0E199FE15D18}.Release|x64.ActiveCfg = Release|x64
		{C00941B7-C51E-42C4-9AA1-0E199FE15D18}.Release|x64.Build.0 = Release|x64
		{C00941B7-C51E-42C4-9AA1-0E199FE15D18}.Release|x64.Deploy.0 = Release|x64
		{C00941B7-C51E-42C4-9AA1-0E199FE15D18}.Release|x86.ActiveCfg = Release|x86
		{C00941B7-C51E-42C4-9AA1-0E199FE15D18}.Release|x86.Build.0 = Release|x86
		{C00941B7-C51E-42C4-9AA1-0E199FE15D18}.Release|x86.Deploy.0 = Release|x86
		{B0792AA5-8C5A-4D4D-8728-7947BBBC398D}.Ad-Hoc|Any CPU.ActiveCfg = Debug|Any CPU
		{B0792AA5-8C5A-4D4D-8728-7947BBBC398D}.Ad-Hoc|Any CPU.Build.0 = Debug|Any CPU
		{B0792AA5-8C5A-4D4D-8728-7947BBBC398D}.Ad-Hoc|Any CPU.Deploy.0 = Debug|Any CPU
		{B0792AA5-8C5A-4D4D-8728-7947BBBC398D}.Ad-Hoc|ARM.ActiveCfg = Debug|Any CPU
		{B0792AA5-8C5A-4D4D-8728-7947BBBC398D}.Ad-Hoc|ARM.Build.0 = Debug|Any CPU
		{B0792AA5-8C5A-4D4D-8728-7947BBBC398D}.Ad-Hoc|ARM.Deploy.0 = Debug|Any CPU
		{B0792AA5-8C5A-4D4D-8728-7947BBBC398D}.Ad-Hoc|iPhone.ActiveCfg = Debug|Any CPU
		{B0792AA5-8C5A-4D4D-8728-7947BBBC398D}.Ad-Hoc|iPhone.Build.0 = Debug|Any CPU
		{B0792AA5-8C5A-4D4D-8728-7947BBBC398D}.Ad-Hoc|iPhone.Deploy.0 = Debug|Any CPU
		{B0792AA5-8C5A-4D4D-8728-7947BBBC398D}.Ad-Hoc|iPhoneSimulator.ActiveCfg = Debug|Any CPU
		{B0792AA5-8C5A-4D4D-8728-7947BBBC398D}.Ad-Hoc|iPhoneSimulator.Build.0 = Debug|Any CPU
		{B0792AA5-8C5A-4D4D-8728-7947BBBC398D}.Ad-Hoc|iPhoneSimulator.Deploy.0 = Debug|Any CPU
		{B0792AA5-8C5A-4D4D-8728-7947BBBC398D}.Ad-Hoc|x64.ActiveCfg = Debug|Any CPU
		{B0792AA5-8C5A-4D4D-8728-7947BBBC398D}.Ad-Hoc|x64.Build.0 = Debug|Any CPU
		{B0792AA5-8C5A-4D4D-8728-7947BBBC398D}.Ad-Hoc|x64.Deploy.0 = Debug|Any CPU
		{B0792AA5-8C5A-4D4D-8728-7947BBBC398D}.Ad-Hoc|x86.ActiveCfg = Debug|Any CPU
		{B0792AA5-8C5A-4D4D-8728-7947BBBC398D}.Ad-Hoc|x86.Build.0 = Debug|Any CPU
		{B0792AA5-8C5A-4D4D-8728-7947BBBC398D}.Ad-Hoc|x86.Deploy.0 = Debug|Any CPU
		{B0792AA5-8C5A-4D4D-8728-7947BBBC398D}.AppStore|Any CPU.ActiveCfg = Debug|Any CPU
		{B0792AA5-8C5A-4D4D-8728-7947BBBC398D}.AppStore|Any CPU.Build.0 = Debug|Any CPU
		{B0792AA5-8C5A-4D4D-8728-7947BBBC398D}.AppStore|Any CPU.Deploy.0 = Debug|Any CPU
		{B0792AA5-8C5A-4D4D-8728-7947BBBC398D}.AppStore|ARM.ActiveCfg = Debug|Any CPU
		{B0792AA5-8C5A-4D4D-8728-7947BBBC398D}.AppStore|ARM.Build.0 = Debug|Any CPU
		{B0792AA5-8C5A-4D4D-8728-7947BBBC398D}.AppStore|ARM.Deploy.0 = Debug|Any CPU
		{B0792AA5-8C5A-4D4D-8728-7947BBBC398D}.AppStore|iPhone.ActiveCfg = Debug|Any CPU
		{B0792AA5-8C5A-4D4D-8728-7947BBBC398D}.AppStore|iPhone.Build.0 = Debug|Any CPU
		{B0792AA5-8C5A-4D4D-8728-7947BBBC398D}.AppStore|iPhone.Deploy.0 = Debug|Any CPU
		{B0792AA5-8C5A-4D4D-8728-7947BBBC398D}.AppStore|iPhoneSimulator.ActiveCfg = Debug|Any CPU
		{B0792AA5-8C5A-4D4D-8728-7947BBBC398D}.AppStore|iPhoneSimulator.Build.0 = Debug|Any CPU
		{B0792AA5-8C5A-4D4D-8728-7947BBBC398D}.AppStore|iPhoneSimulator.Deploy.0 = Debug|Any CPU
		{B0792AA5-8C5A-4D4D-8728-7947BBBC398D}.AppStore|x64.ActiveCfg = Debug|Any CPU
		{B0792AA5-8C5A-4D4D-8728-7947BBBC398D}.AppStore|x64.Build.0 = Debug|Any CPU
		{B0792AA5-8C5A-4D4D-8728-7947BBBC398D}.AppStore|x64.Deploy.0 = Debug|Any CPU
		{B0792AA5-8C5A-4D4D-8728-7947BBBC398D}.AppStore|x86.ActiveCfg = Debug|Any CPU
		{B0792AA5-8C5A-4D4D-8728-7947BBBC398D}.AppStore|x86.Build.0 = Debug|Any CPU
		{B0792AA5-8C5A-4D4D-8728-7947BBBC398D}.AppStore|x86.Deploy.0 = Debug|Any CPU
		{B0792AA5-8C5A-4D4D-8728-7947BBBC398D}.Debug|Any CPU.ActiveCfg = Debug|Any CPU
		{B0792AA5-8C5A-4D4D-8728-7947BBBC398D}.Debug|Any CPU.Build.0 = Debug|Any CPU
		{B0792AA5-8C5A-4D4D-8728-7947BBBC398D}.Debug|Any CPU.Deploy.0 = Debug|Any CPU
		{B0792AA5-8C5A-4D4D-8728-7947BBBC398D}.Debug|ARM.ActiveCfg = Debug|Any CPU
		{B0792AA5-8C5A-4D4D-8728-7947BBBC398D}.Debug|ARM.Build.0 = Debug|Any CPU
		{B0792AA5-8C5A-4D4D-8728-7947BBBC398D}.Debug|ARM.Deploy.0 = Debug|Any CPU
		{B0792AA5-8C5A-4D4D-8728-7947BBBC398D}.Debug|iPhone.ActiveCfg = Debug|Any CPU
		{B0792AA5-8C5A-4D4D-8728-7947BBBC398D}.Debug|iPhone.Build.0 = Debug|Any CPU
		{B0792AA5-8C5A-4D4D-8728-7947BBBC398D}.Debug|iPhone.Deploy.0 = Debug|Any CPU
		{B0792AA5-8C5A-4D4D-8728-7947BBBC398D}.Debug|iPhoneSimulator.ActiveCfg = Debug|Any CPU
		{B0792AA5-8C5A-4D4D-8728-7947BBBC398D}.Debug|iPhoneSimulator.Build.0 = Debug|Any CPU
		{B0792AA5-8C5A-4D4D-8728-7947BBBC398D}.Debug|iPhoneSimulator.Deploy.0 = Debug|Any CPU
		{B0792AA5-8C5A-4D4D-8728-7947BBBC398D}.Debug|x64.ActiveCfg = Debug|Any CPU
		{B0792AA5-8C5A-4D4D-8728-7947BBBC398D}.Debug|x64.Build.0 = Debug|Any CPU
		{B0792AA5-8C5A-4D4D-8728-7947BBBC398D}.Debug|x64.Deploy.0 = Debug|Any CPU
		{B0792AA5-8C5A-4D4D-8728-7947BBBC398D}.Debug|x86.ActiveCfg = Debug|Any CPU
		{B0792AA5-8C5A-4D4D-8728-7947BBBC398D}.Debug|x86.Build.0 = Debug|Any CPU
		{B0792AA5-8C5A-4D4D-8728-7947BBBC398D}.Debug|x86.Deploy.0 = Debug|Any CPU
		{B0792AA5-8C5A-4D4D-8728-7947BBBC398D}.Release|Any CPU.ActiveCfg = Release|Any CPU
		{B0792AA5-8C5A-4D4D-8728-7947BBBC398D}.Release|Any CPU.Build.0 = Release|Any CPU
		{B0792AA5-8C5A-4D4D-8728-7947BBBC398D}.Release|Any CPU.Deploy.0 = Release|Any CPU
		{B0792AA5-8C5A-4D4D-8728-7947BBBC398D}.Release|ARM.ActiveCfg = Release|Any CPU
		{B0792AA5-8C5A-4D4D-8728-7947BBBC398D}.Release|ARM.Build.0 = Release|Any CPU
		{B0792AA5-8C5A-4D4D-8728-7947BBBC398D}.Release|ARM.Deploy.0 = Release|Any CPU
		{B0792AA5-8C5A-4D4D-8728-7947BBBC398D}.Release|iPhone.ActiveCfg = Release|Any CPU
		{B0792AA5-8C5A-4D4D-8728-7947BBBC398D}.Release|iPhone.Build.0 = Release|Any CPU
		{B0792AA5-8C5A-4D4D-8728-7947BBBC398D}.Release|iPhone.Deploy.0 = Release|Any CPU
		{B0792AA5-8C5A-4D4D-8728-7947BBBC398D}.Release|iPhoneSimulator.ActiveCfg = Release|Any CPU
		{B0792AA5-8C5A-4D4D-8728-7947BBBC398D}.Release|iPhoneSimulator.Build.0 = Release|Any CPU
		{B0792AA5-8C5A-4D4D-8728-7947BBBC398D}.Release|iPhoneSimulator.Deploy.0 = Release|Any CPU
		{B0792AA5-8C5A-4D4D-8728-7947BBBC398D}.Release|x64.ActiveCfg = Release|Any CPU
		{B0792AA5-8C5A-4D4D-8728-7947BBBC398D}.Release|x64.Build.0 = Release|Any CPU
		{B0792AA5-8C5A-4D4D-8728-7947BBBC398D}.Release|x64.Deploy.0 = Release|Any CPU
		{B0792AA5-8C5A-4D4D-8728-7947BBBC398D}.Release|x86.ActiveCfg = Release|Any CPU
		{B0792AA5-8C5A-4D4D-8728-7947BBBC398D}.Release|x86.Build.0 = Release|Any CPU
		{B0792AA5-8C5A-4D4D-8728-7947BBBC398D}.Release|x86.Deploy.0 = Release|Any CPU
	EndGlobalSection
	GlobalSection(SolutionProperties) = preSolution
		HideSolutionNode = FALSE
	EndGlobalSection
	GlobalSection(ExtensibilityGlobals) = postSolution
		SolutionGuid = {C3C0F1A5-7949-4263-A403-AD98B46E8554}
	EndGlobalSection
EndGlobal
